<?xml version="1.0" encoding="utf-8"?>
<Project ToolsVersion="4.0" xmlns="http://schemas.microsoft.com/developer/msbuild/2003">
  <ItemGroup>
    <Filter Include="Resource Files">
      <UniqueIdentifier>{1a913106-0be0-4476-b0ce-2aa855072614}</UniqueIdentifier>
      <Extensions>ico;cur;bmp;dlg;rc2;rct;bin;cnt;rtf;gif;jpg;jpeg;jpe</Extensions>
    </Filter>
    <Filter Include="MFC">
      <UniqueIdentifier>{da904ee8-7f59-4a6c-b3ff-b91b6fb6d0ea}</UniqueIdentifier>
    </Filter>
    <Filter Include="GameLibrary">
      <UniqueIdentifier>{df7aa532-3fdf-46a0-b3fc-8f5922e8d9e4}</UniqueIdentifier>
    </Filter>
    <Filter Include="MyGame">
      <UniqueIdentifier>{0c798913-b7d2-4e26-8241-0f83266cd626}</UniqueIdentifier>
    </Filter>
    <Filter Include="MyGame\Backgrounds">
      <UniqueIdentifier>{3b7ac869-0019-4483-93d5-4d527da33b69}</UniqueIdentifier>
    </Filter>
    <Filter Include="MyGame\GameMode">
      <UniqueIdentifier>{4339cd92-04d0-4e10-8361-8f8c99eb1eca}</UniqueIdentifier>
    </Filter>
    <Filter Include="MyGame\GameMode\Maps">
      <UniqueIdentifier>{ef86ad2b-421a-4f3b-bf98-0f9950b3a4c8}</UniqueIdentifier>
    </Filter>
    <Filter Include="MyGame\Plants">
      <UniqueIdentifier>{04a3ad0d-9518-4b2f-bbeb-acb688cbe5b6}</UniqueIdentifier>
    </Filter>
    <Filter Include="MyGame\Zombies">
      <UniqueIdentifier>{943b5e67-37db-405e-9404-f55f9c39db77}</UniqueIdentifier>
    </Filter>
    <Filter Include="MyGame\Terrain">
      <UniqueIdentifier>{1aebc53d-3561-46b7-86a4-cb0079c21ebd}</UniqueIdentifier>
    </Filter>
    <Filter Include="MyGame\Misc">
      <UniqueIdentifier>{a69233cc-2992-41c9-86ee-09a24dd51446}</UniqueIdentifier>
    </Filter>
  </ItemGroup>
  <ItemGroup>
    <None Include="RES\GAME.RC2">
      <Filter>Resource Files</Filter>
    </None>
  </ItemGroup>
  <ItemGroup>
    <ClCompile Include="Source\Library\audio.cpp">
      <Filter>GameLibrary</Filter>
    </ClCompile>
    <ClCompile Include="Source\Library\gamecore.cpp">
      <Filter>GameLibrary</Filter>
    </ClCompile>
    <ClCompile Include="Source\Library\gameutil.cpp">
      <Filter>GameLibrary</Filter>
    </ClCompile>
    <ClCompile Include="Source\Core\game.cpp">
      <Filter>MFC</Filter>
    </ClCompile>
    <ClCompile Include="Source\Core\gameDoc.cpp">
      <Filter>MFC</Filter>
    </ClCompile>
    <ClCompile Include="Source\Core\gameView.cpp">
      <Filter>MFC</Filter>
    </ClCompile>
    <ClCompile Include="Source\Core\MainFrm.cpp">
      <Filter>MFC</Filter>
    </ClCompile>
    <ClCompile Include="Source\Core\StdAfx.cpp">
      <Filter>MFC</Filter>
    </ClCompile>
    <ClCompile Include="Source\Game\mygame_initialize.cpp">
      <Filter>MyGame</Filter>
    </ClCompile>
    <ClCompile Include="Source\Game\mygame_over.cpp">
      <Filter>MyGame</Filter>
    </ClCompile>
    <ClCompile Include="Source\Game\mygame_run.cpp">
      <Filter>MyGame</Filter>
    </ClCompile>
    <ClCompile Include="Source\Game\Background\Background.cpp">
      <Filter>MyGame\Backgrounds</Filter>
    </ClCompile>
    <ClCompile Include="Source\Game\Background\Button.cpp">
      <Filter>MyGame\Backgrounds</Filter>
    </ClCompile>
    <ClCompile Include="Source\Game\GameMode\Main_Menu.cpp">
      <Filter>MyGame\GameMode</Filter>
    </ClCompile>
    <ClCompile Include="Source\Game\GameMode\Almanac.cpp">
      <Filter>MyGame\GameMode</Filter>
    </ClCompile>
    <ClCompile Include="Source\Game\GameMode\Map.cpp">
      <Filter>MyGame\GameMode</Filter>
    </ClCompile>
    <ClCompile Include="Source\Game\GameMode\LoadingScreen.cpp">
      <Filter>MyGame\GameMode</Filter>
    </ClCompile>
    <ClCompile Include="Source\Game\Background\ProgressBar.cpp">
      <Filter>MyGame\Backgrounds</Filter>
    </ClCompile>
    <ClCompile Include="Source\Game\Background\GameMenu.cpp">
      <Filter>MyGame\Backgrounds</Filter>
    </ClCompile>
    <ClCompile Include="Source\Game\Background\SeedCard.cpp">
      <Filter>MyGame\Backgrounds</Filter>
    </ClCompile>
    <ClCompile Include="Source\Game\Background\CardPicker.cpp">
      <Filter>MyGame\Backgrounds</Filter>
    </ClCompile>
    <ClCompile Include="Source\Game\Background\GameBar.cpp">
      <Filter>MyGame\Backgrounds</Filter>
    </ClCompile>
    <ClCompile Include="Source\Game\Misc\Cooldown.cpp">
      <Filter>MyGame\Misc</Filter>
    </ClCompile>
    <ClCompile Include="Source\Game\Terrain\Lane.cpp">
      <Filter>MyGame\Terrain</Filter>
    </ClCompile>
    <ClCompile Include="Source\Game\Misc\Sun.cpp">
      <Filter>MyGame\Misc</Filter>
    </ClCompile>
    <ClCompile Include="Source\Game\Misc\NormalSun.cpp">
      <Filter>MyGame\Misc</Filter>
    </ClCompile>
  </ItemGroup>
  <ItemGroup>
    <ClInclude Include="Source\Library\audio.h">
      <Filter>GameLibrary</Filter>
    </ClInclude>
    <ClInclude Include="Source\Library\gamecore.h">
      <Filter>GameLibrary</Filter>
    </ClInclude>
    <ClInclude Include="Source\Library\gameutil.h">
      <Filter>GameLibrary</Filter>
    </ClInclude>
    <ClInclude Include="Source\Core\Game.h">
      <Filter>MFC</Filter>
    </ClInclude>
    <ClInclude Include="Source\Core\gameDoc.h">
      <Filter>MFC</Filter>
    </ClInclude>
    <ClInclude Include="Source\Core\gameView.h">
      <Filter>MFC</Filter>
    </ClInclude>
    <ClInclude Include="Source\Core\MainFrm.h">
      <Filter>MFC</Filter>
    </ClInclude>
    <ClInclude Include="Source\Core\Resource.h">
      <Filter>MFC</Filter>
    </ClInclude>
    <ClInclude Include="Source\Core\StdAfx.h">
      <Filter>MFC</Filter>
    </ClInclude>
    <ClInclude Include="Source\Game\mygame.h">
      <Filter>MyGame</Filter>
    </ClInclude>
    <ClInclude Include="Source\Game\config.h">
      <Filter>MyGame</Filter>
    </ClInclude>
    <ClInclude Include="Source\Game\Background\Background.h">
      <Filter>MyGame\Backgrounds</Filter>
    </ClInclude>
    <ClInclude Include="Source\Game\Background\Button.h">
      <Filter>MyGame\Backgrounds</Filter>
    </ClInclude>
    <ClInclude Include="Source\Game\GameMode\Main_Menu.h">
      <Filter>MyGame\GameMode</Filter>
    </ClInclude>
    <ClInclude Include="Source\Game\GameMode\GameMode.h">
      <Filter>MyGame\GameMode</Filter>
    </ClInclude>
    <ClInclude Include="Source\Game\GameMode\GameModeUtils.h">
      <Filter>MyGame\GameMode</Filter>
    </ClInclude>
    <ClInclude Include="Source\Game\GameMode\Almanac.h">
      <Filter>MyGame\GameMode</Filter>
    </ClInclude>
    <ClInclude Include="Source\Game\GameMode\Map.h">
      <Filter>MyGame\GameMode</Filter>
    </ClInclude>
    <ClInclude Include="Source\Game\GameMode\LoadingScreen.h">
      <Filter>MyGame\GameMode</Filter>
    </ClInclude>
    <ClInclude Include="Source\Game\Zombies\Zombie.h">
      <Filter>MyGame\Zombies</Filter>
    </ClInclude>
    <ClInclude Include="Source\Game\Plants\Plant.h">
      <Filter>MyGame\Plants</Filter>
    </ClInclude>
    <ClInclude Include="Source\Game\Background\ProgressBar.h">
      <Filter>MyGame\Backgrounds</Filter>
    </ClInclude>
    <ClInclude Include="Source\Game\Background\GameMenu.h">
      <Filter>MyGame\Backgrounds</Filter>
    </ClInclude>
    <ClInclude Include="Source\Game\Background\SeedCard.h">
      <Filter>MyGame\Backgrounds</Filter>
    </ClInclude>
    <ClInclude Include="Source\Game\Background\CardPicker.h">
      <Filter>MyGame\Backgrounds</Filter>
    </ClInclude>
    <ClInclude Include="Source\Game\Background\GameBar.h">
      <Filter>MyGame\Backgrounds</Filter>
    </ClInclude>
    <ClInclude Include="Source\Game\Misc\Cooldown.h">
      <Filter>MyGame\Misc</Filter>
    </ClInclude>
    <ClInclude Include="Source\Game\Plants\GrassPlant.cpp">
      <Filter>MyGame\Plants</Filter>
    </ClInclude>
    <ClInclude Include="Source\Game\Plants\WaterPlant.cpp">
      <Filter>MyGame\Plants</Filter>
    </ClInclude>
    <ClInclude Include="Source\Game\Terrain\Lane.h">
      <Filter>MyGame\Terrain</Filter>
    </ClInclude>
    <ClInclude Include="Source\Game\Terrain\Tile.h">
      <Filter>MyGame\Terrain</Filter>
    </ClInclude>
    <ClInclude Include="Source\Game\Misc\Sun.h">
      <Filter>MyGame\Misc</Filter>
    </ClInclude>
    <ClInclude Include="Source\Game\Misc\NormalSun.h">
      <Filter>MyGame\Misc</Filter>
    </ClInclude>
    <ClInclude Include="Source\Game\GameMode\Maps\Tile_Positions.h">
      <Filter>MyGame\GameMode\Maps</Filter>
    </ClInclude>
  </ItemGroup>
  <ItemGroup>
    <ResourceCompile Include="Source\Core\game.rc">
      <Filter>MFC</Filter>
    </ResourceCompile>
  </ItemGroup>
</Project>